
Microsoft Visual Studio Solution File, Format Version 12.00
# Visual Studio Version 17
VisualStudioVersion = 17.3.32929.385
MinimumVisualStudioVersion = 10.0.40219.1
Project("{FAE04EC0-301F-11D3-BF4B-00C04F79EFBC}") = "EFMVC_CRUD", "EFMVC_CRUD.csproj", "{807ACA4E-6016-4E2C-9E95-0249811E6E1C}"
EndProject
Global
	GlobalSection(SolutionConfigurationPlatforms) = preSolution
		Debug|Any CPU = Debug|Any CPU
		Release|Any CPU = Release|Any CPU
	EndGlobalSection
	GlobalSection(ProjectConfigurationPlatforms) = postSolution
		{807ACA4E-6016-4E2C-9E95-0249811E6E1C}.Debug|Any CPU.ActiveCfg = Debug|Any CPU
		{807ACA4E-6016-4E2C-9E95-0249811E6E1C}.Debug|Any CPU.Build.0 = Debug|Any CPU
		{807ACA4E-6016-4E2C-9E95-0249811E6E1C}.Release|Any CPU.ActiveCfg = Release|Any CPU
		{807ACA4E-6016-4E2C-9E95-0249811E6E1C}.Release|Any CPU.Build.0 = Release|Any CPU
	EndGlobalSection
	GlobalSection(SolutionProperties) = preSolution
		HideSolutionNode = FALSE
	EndGlobalSection
	GlobalSection(ExtensibilityGlobals) = postSolution
		SolutionGuid = {74EBA862-25BD-433C-8658-0AE02B81B411}
	EndGlobalSection
EndGlobal
